
Microsoft Visual Studio Solution File, Format Version 12.00
# Visual Studio 14
VisualStudioVersion = 14.0.25123.0
MinimumVisualStudioVersion = 10.0.40219.1
Project("{FAE04EC0-301F-11D3-BF4B-00C04F79EFBC}") = "Hotel Management", "Hotel Management\Hotel Management.csproj", "{2A4F9FA5-6FEA-487A-B921-5825B7C41E59}"
EndProject
Project("{FAE04EC0-301F-11D3-BF4B-00C04F79EFBC}") = "Hotel Management.DAL", "Hotel Management.DAL\Hotel Management.DAL.csproj", "{379BB27A-90FE-4EA7-B2A7-8445ADD9EF10}"
EndProject
Global
	GlobalSection(SolutionConfigurationPlatforms) = preSolution
		Debug|Any CPU = Debug|Any CPU
		Release|Any CPU = Release|Any CPU
	EndGlobalSection
	GlobalSection(ProjectConfigurationPlatforms) = postSolution
		{2A4F9FA5-6FEA-487A-B921-5825B7C41E59}.Debug|Any CPU.ActiveCfg = Debug|Any CPU
		{2A4F9FA5-6FEA-487A-B921-5825B7C41E59}.Debug|Any CPU.Build.0 = Debug|Any CPU
		{2A4F9FA5-6FEA-487A-B921-5825B7C41E59}.Release|Any CPU.ActiveCfg = Release|Any CPU
		{2A4F9FA5-6FEA-487A-B921-5825B7C41E59}.Release|Any CPU.Build.0 = Release|Any CPU
		{379BB27A-90FE-4EA7-B2A7-8445ADD9EF10}.Debug|Any CPU.ActiveCfg = Debug|Any CPU
		{379BB27A-90FE-4EA7-B2A7-8445ADD9EF10}.Debug|Any CPU.Build.0 = Debug|Any CPU
		{379BB27A-90FE-4EA7-B2A7-8445ADD9EF10}.Release|Any CPU.ActiveCfg = Release|Any CPU
		{379BB27A-90FE-4EA7-B2A7-8445ADD9EF10}.Release|Any CPU.Build.0 = Release|Any CPU
	EndGlobalSection
	GlobalSection(SolutionProperties) = preSolution
		HideSolutionNode = FALSE
	EndGlobalSection
EndGlobal
